// !$*UTF8*$!
{
	archiveVersion = 1;
	classes = {
	};
	objectVersion = 50;
	objects = {

/* Begin PBXBuildFile section */
		5C44017B24124FF50095787C /* main.cpp in Sources */ = {isa = PBXBuildFile; fileRef = 5C44017A24124FF50095787C /* main.cpp */; };
		5C746B59257E824200900D3D /* memorized_induction.cpp in Sources */ = {isa = PBXBuildFile; fileRef = 5C746B57257E824200900D3D /* memorized_induction.cpp */; };
		5C746B5F25837D5C00900D3D /* Section3.cpp in Sources */ = {isa = PBXBuildFile; fileRef = 5C746B5D25837D5C00900D3D /* Section3.cpp */; };
		5C746B662584A48A00900D3D /* division_problem.cpp in Sources */ = {isa = PBXBuildFile; fileRef = 5C746B642584A48A00900D3D /* division_problem.cpp */; };
		5C746B6C2584AE6C00900D3D /* binarySearch.cpp in Sources */ = {isa = PBXBuildFile; fileRef = 5C746B6A2584AE6C00900D3D /* binarySearch.cpp */; };
		5C746B722584D60C00900D3D /* partialSum.cpp in Sources */ = {isa = PBXBuildFile; fileRef = 5C746B702584D60C00900D3D /* partialSum.cpp */; };
		5C746B772585FEA000900D3D /* Secion4.cpp in Sources */ = {isa = PBXBuildFile; fileRef = 5C746B752585FEA000900D3D /* Secion4.cpp */; };
		5C746B7E258C8F2600900D3D /* generalized_birary_search.cpp in Sources */ = {isa = PBXBuildFile; fileRef = 5C746B7C258C8F2600900D3D /* generalized_birary_search.cpp */; };
		5C8B10D025920C3100A9AEA8 /* linked_list.cpp in Sources */ = {isa = PBXBuildFile; fileRef = 5C8B10CE25920C3100A9AEA8 /* linked_list.cpp */; };
		5C8B10D62594B9AF00A9AEA8 /* Section5.cpp in Sources */ = {isa = PBXBuildFile; fileRef = 5C8B10D42594B9AF00A9AEA8 /* Section5.cpp */; };
		5C8E9F43259AFAEA00115CA0 /* Section6.cpp in Sources */ = {isa = PBXBuildFile; fileRef = 5C8E9F41259AFAEA00115CA0 /* Section6.cpp */; };
		5C8E9F48259B0A5200115CA0 /* stack.cpp in Sources */ = {isa = PBXBuildFile; fileRef = 5C8E9F46259B0A5200115CA0 /* stack.cpp */; };
		5C8E9F4C259B141500115CA0 /* Section6-2.cpp in Sources */ = {isa = PBXBuildFile; fileRef = 5C8E9F4A259B141500115CA0 /* Section6-2.cpp */; };
		5C8E9F51259B23E100115CA0 /* queue.cpp in Sources */ = {isa = PBXBuildFile; fileRef = 5C8E9F4F259B23E100115CA0 /* queue.cpp */; };
		5C8E9F57259DDDFA00115CA0 /* graph.cpp in Sources */ = {isa = PBXBuildFile; fileRef = 5C8E9F55259DDDFA00115CA0 /* graph.cpp */; };
		5C8E9F5B25A1F6F900115CA0 /* Section4-2.cpp in Sources */ = {isa = PBXBuildFile; fileRef = 5C8E9F5925A1F6F900115CA0 /* Section4-2.cpp */; };
		5C8F524425BD6764000E80EB /* InsertionSort.cpp in Sources */ = {isa = PBXBuildFile; fileRef = 5C8F524225BD6764000E80EB /* InsertionSort.cpp */; };
		5CA9B93925A9951B002DD6A1 /* heap.cpp in Sources */ = {isa = PBXBuildFile; fileRef = 5CA9B93725A9951B002DD6A1 /* heap.cpp */; };
		5CA9B93F25ADE1B9002DD6A1 /* UnitonFind.cpp in Sources */ = {isa = PBXBuildFile; fileRef = 5CA9B93D25ADE1B9002DD6A1 /* UnitonFind.cpp */; };
		5CA9B94425B19AD8002DD6A1 /* Section7.cpp in Sources */ = {isa = PBXBuildFile; fileRef = 5CA9B94225B19AD8002DD6A1 /* Section7.cpp */; };
/* End PBXBuildFile section */

/* Begin PBXCopyFilesBuildPhase section */
		5C44017524124FF50095787C /* CopyFiles */ = {
			isa = PBXCopyFilesBuildPhase;
			buildActionMask = 2147483647;
			dstPath = /usr/share/man/man1/;
			dstSubfolderSpec = 0;
			files = (
			);
			runOnlyForDeploymentPostprocessing = 1;
		};
/* End PBXCopyFilesBuildPhase section */

/* Begin PBXFileReference section */
		5C44017724124FF50095787C /* C++ practice */ = {isa = PBXFileReference; explicitFileType = "compiled.mach-o.executable"; includeInIndex = 0; path = "C++ practice"; sourceTree = BUILT_PRODUCTS_DIR; };
		5C44017A24124FF50095787C /* main.cpp */ = {isa = PBXFileReference; lastKnownFileType = sourcecode.cpp.cpp; path = main.cpp; sourceTree = "<group>"; };
		5C746B57257E824200900D3D /* memorized_induction.cpp */ = {isa = PBXFileReference; lastKnownFileType = sourcecode.cpp.cpp; path = memorized_induction.cpp; sourceTree = "<group>"; };
		5C746B58257E824200900D3D /* memorized_induction.hpp */ = {isa = PBXFileReference; lastKnownFileType = sourcecode.cpp.h; path = memorized_induction.hpp; sourceTree = "<group>"; };
		5C746B5D25837D5C00900D3D /* Section3.cpp */ = {isa = PBXFileReference; lastKnownFileType = sourcecode.cpp.cpp; path = Section3.cpp; sourceTree = "<group>"; };
		5C746B5E25837D5C00900D3D /* Section3.hpp */ = {isa = PBXFileReference; lastKnownFileType = sourcecode.cpp.h; path = Section3.hpp; sourceTree = "<group>"; };
		5C746B642584A48A00900D3D /* division_problem.cpp */ = {isa = PBXFileReference; lastKnownFileType = sourcecode.cpp.cpp; path = division_problem.cpp; sourceTree = "<group>"; };
		5C746B652584A48A00900D3D /* division_problem.hpp */ = {isa = PBXFileReference; lastKnownFileType = sourcecode.cpp.h; path = division_problem.hpp; sourceTree = "<group>"; };
		5C746B6A2584AE6C00900D3D /* binarySearch.cpp */ = {isa = PBXFileReference; lastKnownFileType = sourcecode.cpp.cpp; path = binarySearch.cpp; sourceTree = "<group>"; };
		5C746B6B2584AE6C00900D3D /* binarySearch.hpp */ = {isa = PBXFileReference; lastKnownFileType = sourcecode.cpp.h; path = binarySearch.hpp; sourceTree = "<group>"; };
		5C746B702584D60C00900D3D /* partialSum.cpp */ = {isa = PBXFileReference; lastKnownFileType = sourcecode.cpp.cpp; path = partialSum.cpp; sourceTree = "<group>"; };
		5C746B712584D60C00900D3D /* partial_sum.hpp */ = {isa = PBXFileReference; lastKnownFileType = sourcecode.cpp.h; path = partial_sum.hpp; sourceTree = "<group>"; };
		5C746B752585FEA000900D3D /* Secion4.cpp */ = {isa = PBXFileReference; lastKnownFileType = sourcecode.cpp.cpp; path = Secion4.cpp; sourceTree = "<group>"; };
		5C746B762585FEA000900D3D /* Secion4.hpp */ = {isa = PBXFileReference; lastKnownFileType = sourcecode.cpp.h; path = Secion4.hpp; sourceTree = "<group>"; };
		5C746B7C258C8F2600900D3D /* generalized_birary_search.cpp */ = {isa = PBXFileReference; lastKnownFileType = sourcecode.cpp.cpp; path = generalized_birary_search.cpp; sourceTree = "<group>"; };
		5C746B7D258C8F2600900D3D /* generalized_birary_search.hpp */ = {isa = PBXFileReference; lastKnownFileType = sourcecode.cpp.h; path = generalized_birary_search.hpp; sourceTree = "<group>"; };
		5C8B10CE25920C3100A9AEA8 /* linked_list.cpp */ = {isa = PBXFileReference; lastKnownFileType = sourcecode.cpp.cpp; path = linked_list.cpp; sourceTree = "<group>"; };
		5C8B10CF25920C3100A9AEA8 /* linked_list.hpp */ = {isa = PBXFileReference; lastKnownFileType = sourcecode.cpp.h; path = linked_list.hpp; sourceTree = "<group>"; };
		5C8B10D42594B9AF00A9AEA8 /* Section5.cpp */ = {isa = PBXFileReference; lastKnownFileType = sourcecode.cpp.cpp; path = Section5.cpp; sourceTree = "<group>"; };
		5C8B10D52594B9AF00A9AEA8 /* Section5.hpp */ = {isa = PBXFileReference; lastKnownFileType = sourcecode.cpp.h; path = Section5.hpp; sourceTree = "<group>"; };
		5C8E9F41259AFAEA00115CA0 /* Section6.cpp */ = {isa = PBXFileReference; lastKnownFileType = sourcecode.cpp.cpp; path = Section6.cpp; sourceTree = "<group>"; };
		5C8E9F42259AFAEA00115CA0 /* Section6.hpp */ = {isa = PBXFileReference; lastKnownFileType = sourcecode.cpp.h; path = Section6.hpp; sourceTree = "<group>"; };
		5C8E9F46259B0A5200115CA0 /* stack.cpp */ = {isa = PBXFileReference; lastKnownFileType = sourcecode.cpp.cpp; path = stack.cpp; sourceTree = "<group>"; };
		5C8E9F47259B0A5200115CA0 /* stack.hpp */ = {isa = PBXFileReference; lastKnownFileType = sourcecode.cpp.h; path = stack.hpp; sourceTree = "<group>"; };
		5C8E9F4A259B141500115CA0 /* Section6-2.cpp */ = {isa = PBXFileReference; lastKnownFileType = sourcecode.cpp.cpp; path = "Section6-2.cpp"; sourceTree = "<group>"; };
		5C8E9F4B259B141500115CA0 /* Section6-2.hpp */ = {isa = PBXFileReference; lastKnownFileType = sourcecode.cpp.h; path = "Section6-2.hpp"; sourceTree = "<group>"; };
		5C8E9F4F259B23E100115CA0 /* queue.cpp */ = {isa = PBXFileReference; lastKnownFileType = sourcecode.cpp.cpp; path = queue.cpp; sourceTree = "<group>"; };
		5C8E9F50259B23E100115CA0 /* queue.hpp */ = {isa = PBXFileReference; lastKnownFileType = sourcecode.cpp.h; path = queue.hpp; sourceTree = "<group>"; };
		5C8E9F55259DDDFA00115CA0 /* graph.cpp */ = {isa = PBXFileReference; lastKnownFileType = sourcecode.cpp.cpp; path = graph.cpp; sourceTree = "<group>"; };
		5C8E9F56259DDDFA00115CA0 /* graph.hpp */ = {isa = PBXFileReference; lastKnownFileType = sourcecode.cpp.h; path = graph.hpp; sourceTree = "<group>"; };
		5C8E9F5925A1F6F900115CA0 /* Section4-2.cpp */ = {isa = PBXFileReference; lastKnownFileType = sourcecode.cpp.cpp; path = "Section4-2.cpp"; sourceTree = "<group>"; };
		5C8E9F5A25A1F6F900115CA0 /* Section4-2.hpp */ = {isa = PBXFileReference; lastKnownFileType = sourcecode.cpp.h; path = "Section4-2.hpp"; sourceTree = "<group>"; };
		5C8F524225BD6764000E80EB /* InsertionSort.cpp */ = {isa = PBXFileReference; lastKnownFileType = sourcecode.cpp.cpp; path = InsertionSort.cpp; sourceTree = "<group>"; };
		5C8F524325BD6764000E80EB /* InsertionSort.hpp */ = {isa = PBXFileReference; lastKnownFileType = sourcecode.cpp.h; path = InsertionSort.hpp; sourceTree = "<group>"; };
		5CA9B93725A9951B002DD6A1 /* heap.cpp */ = {isa = PBXFileReference; lastKnownFileType = sourcecode.cpp.cpp; path = heap.cpp; sourceTree = "<group>"; };
		5CA9B93825A9951B002DD6A1 /* heap.hpp */ = {isa = PBXFileReference; lastKnownFileType = sourcecode.cpp.h; path = heap.hpp; sourceTree = "<group>"; };
		5CA9B93D25ADE1B9002DD6A1 /* UnitonFind.cpp */ = {isa = PBXFileReference; lastKnownFileType = sourcecode.cpp.cpp; path = UnitonFind.cpp; sourceTree = "<group>"; };
		5CA9B93E25ADE1B9002DD6A1 /* UnitonFind.hpp */ = {isa = PBXFileReference; lastKnownFileType = sourcecode.cpp.h; path = UnitonFind.hpp; sourceTree = "<group>"; };
		5CA9B94225B19AD8002DD6A1 /* Section7.cpp */ = {isa = PBXFileReference; lastKnownFileType = sourcecode.cpp.cpp; path = Section7.cpp; sourceTree = "<group>"; };
		5CA9B94325B19AD8002DD6A1 /* Section7.hpp */ = {isa = PBXFileReference; lastKnownFileType = sourcecode.cpp.h; path = Section7.hpp; sourceTree = "<group>"; };
/* End PBXFileReference section */

/* Begin PBXFrameworksBuildPhase section */
		5C44017424124FF50095787C /* Frameworks */ = {
			isa = PBXFrameworksBuildPhase;
			buildActionMask = 2147483647;
			files = (
			);
			runOnlyForDeploymentPostprocessing = 0;
		};
/* End PBXFrameworksBuildPhase section */

/* Begin PBXGroup section */
		5C44016E24124FF50095787C = {
			isa = PBXGroup;
			children = (
				5C44017924124FF50095787C /* C++ practice */,
				5C44017824124FF50095787C /* Products */,
			);
			sourceTree = "<group>";
		};
		5C44017824124FF50095787C /* Products */ = {
			isa = PBXGroup;
			children = (
				5C44017724124FF50095787C /* C++ practice */,
			);
			name = Products;
			sourceTree = "<group>";
		};
		5C44017924124FF50095787C /* C++ practice */ = {
			isa = PBXGroup;
			children = (
				5C8F524125BD674E000E80EB /* InsertionSort */,
				5CA9B93C25ADE19A002DD6A1 /* UnionFind */,
				5CA9B93625A9950F002DD6A1 /* Heap */,
				5C8E9F54259DDDE600115CA0 /* Graph */,
				5C8E9F4E259B23D400115CA0 /* Queue */,
				5C8E9F45259B0A4300115CA0 /* Stack */,
				5C8B10CD25920C1900A9AEA8 /* LinkedList */,
				5C746B7B258C8EFD00900D3D /* GeneralizedBinarySearch */,
				5C746B6F2584D5E700900D3D /* Induction */,
				5C746B692584AE4B00900D3D /* BinarySearch */,
				5C746B632584A45E00900D3D /* DivisionProblem */,
				5C746B5C25837D4300900D3D /* CrashCourse */,
				5C746B56257E820100900D3D /* FrogProblem */,
				5C44017A24124FF50095787C /* main.cpp */,
			);
			path = "C++ practice";
			sourceTree = "<group>";
		};
		5C746B56257E820100900D3D /* FrogProblem */ = {
			isa = PBXGroup;
			children = (
				5C746B57257E824200900D3D /* memorized_induction.cpp */,
				5C746B58257E824200900D3D /* memorized_induction.hpp */,
			);
			path = FrogProblem;
			sourceTree = "<group>";
		};
		5C746B5C25837D4300900D3D /* CrashCourse */ = {
			isa = PBXGroup;
			children = (
				5C746B5D25837D5C00900D3D /* Section3.cpp */,
				5C746B5E25837D5C00900D3D /* Section3.hpp */,
				5C746B752585FEA000900D3D /* Secion4.cpp */,
				5C746B762585FEA000900D3D /* Secion4.hpp */,
				5C8B10D42594B9AF00A9AEA8 /* Section5.cpp */,
				5C8B10D52594B9AF00A9AEA8 /* Section5.hpp */,
				5C8E9F41259AFAEA00115CA0 /* Section6.cpp */,
				5C8E9F42259AFAEA00115CA0 /* Section6.hpp */,
				5C8E9F4A259B141500115CA0 /* Section6-2.cpp */,
				5C8E9F4B259B141500115CA0 /* Section6-2.hpp */,
				5C8E9F5925A1F6F900115CA0 /* Section4-2.cpp */,
				5C8E9F5A25A1F6F900115CA0 /* Section4-2.hpp */,
				5CA9B94225B19AD8002DD6A1 /* Section7.cpp */,
				5CA9B94325B19AD8002DD6A1 /* Section7.hpp */,
			);
			path = CrashCourse;
			sourceTree = "<group>";
		};
		5C746B632584A45E00900D3D /* DivisionProblem */ = {
			isa = PBXGroup;
			children = (
				5C746B642584A48A00900D3D /* division_problem.cpp */,
				5C746B652584A48A00900D3D /* division_problem.hpp */,
			);
			path = DivisionProblem;
			sourceTree = "<group>";
		};
		5C746B692584AE4B00900D3D /* BinarySearch */ = {
			isa = PBXGroup;
			children = (
				5C746B6A2584AE6C00900D3D /* binarySearch.cpp */,
				5C746B6B2584AE6C00900D3D /* binarySearch.hpp */,
			);
			path = BinarySearch;
			sourceTree = "<group>";
		};
		5C746B6F2584D5E700900D3D /* Induction */ = {
			isa = PBXGroup;
			children = (
				5C746B702584D60C00900D3D /* partialSum.cpp */,
				5C746B712584D60C00900D3D /* partial_sum.hpp */,
			);
			path = Induction;
			sourceTree = "<group>";
		};
		5C746B7B258C8EFD00900D3D /* GeneralizedBinarySearch */ = {
			isa = PBXGroup;
			children = (
				5C746B7C258C8F2600900D3D /* generalized_birary_search.cpp */,
				5C746B7D258C8F2600900D3D /* generalized_birary_search.hpp */,
			);
			path = GeneralizedBinarySearch;
			sourceTree = "<group>";
		};
		5C8B10CD25920C1900A9AEA8 /* LinkedList */ = {
			isa = PBXGroup;
			children = (
				5C8B10CE25920C3100A9AEA8 /* linked_list.cpp */,
				5C8B10CF25920C3100A9AEA8 /* linked_list.hpp */,
			);
			path = LinkedList;
			sourceTree = "<group>";
		};
		5C8E9F45259B0A4300115CA0 /* Stack */ = {
			isa = PBXGroup;
			children = (
				5C8E9F46259B0A5200115CA0 /* stack.cpp */,
				5C8E9F47259B0A5200115CA0 /* stack.hpp */,
			);
			path = Stack;
			sourceTree = "<group>";
		};
		5C8E9F4E259B23D400115CA0 /* Queue */ = {
			isa = PBXGroup;
			children = (
				5C8E9F4F259B23E100115CA0 /* queue.cpp */,
				5C8E9F50259B23E100115CA0 /* queue.hpp */,
			);
			path = Queue;
			sourceTree = "<group>";
		};
		5C8E9F54259DDDE600115CA0 /* Graph */ = {
			isa = PBXGroup;
			children = (
				5C8E9F55259DDDFA00115CA0 /* graph.cpp */,
				5C8E9F56259DDDFA00115CA0 /* graph.hpp */,
			);
			path = Graph;
			sourceTree = "<group>";
		};
		5C8F524125BD674E000E80EB /* InsertionSort */ = {
			isa = PBXGroup;
			children = (
				5C8F524225BD6764000E80EB /* InsertionSort.cpp */,
				5C8F524325BD6764000E80EB /* InsertionSort.hpp */,
			);
			path = InsertionSort;
			sourceTree = "<group>";
		};
		5CA9B93625A9950F002DD6A1 /* Heap */ = {
			isa = PBXGroup;
			children = (
				5CA9B93725A9951B002DD6A1 /* heap.cpp */,
				5CA9B93825A9951B002DD6A1 /* heap.hpp */,
			);
			path = Heap;
			sourceTree = "<group>";
		};
		5CA9B93C25ADE19A002DD6A1 /* UnionFind */ = {
			isa = PBXGroup;
			children = (
				5CA9B93D25ADE1B9002DD6A1 /* UnitonFind.cpp */,
				5CA9B93E25ADE1B9002DD6A1 /* UnitonFind.hpp */,
			);
			path = UnionFind;
			sourceTree = "<group>";
		};
/* End PBXGroup section */

/* Begin PBXNativeTarget section */
		5C44017624124FF50095787C /* C++ practice */ = {
			isa = PBXNativeTarget;
			buildConfigurationList = 5C44017E24124FF50095787C /* Build configuration list for PBXNativeTarget "C++ practice" */;
			buildPhases = (
				5C44017324124FF50095787C /* Sources */,
				5C44017424124FF50095787C /* Frameworks */,
				5C44017524124FF50095787C /* CopyFiles */,
			);
			buildRules = (
			);
			dependencies = (
			);
			name = "C++ practice";
			productName = "C++ practice";
			productReference = 5C44017724124FF50095787C /* C++ practice */;
			productType = "com.apple.product-type.tool";
		};
/* End PBXNativeTarget section */

/* Begin PBXProject section */
		5C44016F24124FF50095787C /* Project object */ = {
			isa = PBXProject;
			attributes = {
				LastUpgradeCheck = 1220;
				ORGANIZATIONNAME = "Hiroshi Imamasu";
				TargetAttributes = {
					5C44017624124FF50095787C = {
						CreatedOnToolsVersion = 10.1;
					};
				};
			};
			buildConfigurationList = 5C44017224124FF50095787C /* Build configuration list for PBXProject "C++ practice" */;
			compatibilityVersion = "Xcode 9.3";
			developmentRegion = en;
			hasScannedForEncodings = 0;
			knownRegions = (
				en,
			);
			mainGroup = 5C44016E24124FF50095787C;
			productRefGroup = 5C44017824124FF50095787C /* Products */;
			projectDirPath = "";
			projectRoot = "";
			targets = (
				5C44017624124FF50095787C /* C++ practice */,
			);
		};
/* End PBXProject section */

/* Begin PBXSourcesBuildPhase section */
		5C44017324124FF50095787C /* Sources */ = {
			isa = PBXSourcesBuildPhase;
			buildActionMask = 2147483647;
			files = (
				5C8B10D025920C3100A9AEA8 /* linked_list.cpp in Sources */,
				5C746B6C2584AE6C00900D3D /* binarySearch.cpp in Sources */,
				5C746B59257E824200900D3D /* memorized_induction.cpp in Sources */,
				5CA9B93F25ADE1B9002DD6A1 /* UnitonFind.cpp in Sources */,
				5CA9B94425B19AD8002DD6A1 /* Section7.cpp in Sources */,
				5C8F524425BD6764000E80EB /* InsertionSort.cpp in Sources */,
				5C44017B24124FF50095787C /* main.cpp in Sources */,
				5CA9B93925A9951B002DD6A1 /* heap.cpp in Sources */,
				5C8E9F48259B0A5200115CA0 /* stack.cpp in Sources */,
				5C8E9F43259AFAEA00115CA0 /* Section6.cpp in Sources */,
				5C746B662584A48A00900D3D /* division_problem.cpp in Sources */,
				5C8E9F5B25A1F6F900115CA0 /* Section4-2.cpp in Sources */,
				5C746B5F25837D5C00900D3D /* Section3.cpp in Sources */,
				5C746B7E258C8F2600900D3D /* generalized_birary_search.cpp in Sources */,
				5C8E9F4C259B141500115CA0 /* Section6-2.cpp in Sources */,
				5C746B722584D60C00900D3D /* partialSum.cpp in Sources */,
				5C8E9F51259B23E100115CA0 /* queue.cpp in Sources */,
				5C8E9F57259DDDFA00115CA0 /* graph.cpp in Sources */,
				5C746B772585FEA000900D3D /* Secion4.cpp in Sources */,
				5C8B10D62594B9AF00A9AEA8 /* Section5.cpp in Sources */,
			);
			runOnlyForDeploymentPostprocessing = 0;
		};
/* End PBXSourcesBuildPhase section */

/* Begin XCBuildConfiguration section */
		5C44017C24124FF50095787C /* Debug */ = {
			isa = XCBuildConfiguration;
			buildSettings = {
				ALWAYS_SEARCH_USER_PATHS = NO;
				CLANG_ANALYZER_NONNULL = YES;
				CLANG_ANALYZER_NUMBER_OBJECT_CONVERSION = YES_AGGRESSIVE;
				CLANG_CXX_LANGUAGE_STANDARD = "gnu++14";
				CLANG_CXX_LIBRARY = "libc++";
				CLANG_ENABLE_MODULES = YES;
				CLANG_ENABLE_OBJC_ARC = YES;
				CLANG_ENABLE_OBJC_WEAK = YES;
				CLANG_WARN_BLOCK_CAPTURE_AUTORELEASING = YES;
				CLANG_WARN_BOOL_CONVERSION = YES;
				CLANG_WARN_COMMA = YES;
				CLANG_WARN_CONSTANT_CONVERSION = YES;
				CLANG_WARN_DEPRECATED_OBJC_IMPLEMENTATIONS = YES;
				CLANG_WARN_DIRECT_OBJC_ISA_USAGE = YES_ERROR;
				CLANG_WARN_DOCUMENTATION_COMMENTS = YES;
				CLANG_WARN_EMPTY_BODY = YES;
				CLANG_WARN_ENUM_CONVERSION = YES;
				CLANG_WARN_INFINITE_RECURSION = YES;
				CLANG_WARN_INT_CONVERSION = YES;
				CLANG_WARN_NON_LITERAL_NULL_CONVERSION = YES;
				CLANG_WARN_OBJC_IMPLICIT_RETAIN_SELF = YES;
				CLANG_WARN_OBJC_LITERAL_CONVERSION = YES;
				CLANG_WARN_OBJC_ROOT_CLASS = YES_ERROR;
				CLANG_WARN_QUOTED_INCLUDE_IN_FRAMEWORK_HEADER = YES;
				CLANG_WARN_RANGE_LOOP_ANALYSIS = YES;
				CLANG_WARN_STRICT_PROTOTYPES = YES;
				CLANG_WARN_SUSPICIOUS_MOVE = YES;
				CLANG_WARN_UNGUARDED_AVAILABILITY = YES_AGGRESSIVE;
				CLANG_WARN_UNREACHABLE_CODE = YES;
				CLANG_WARN__DUPLICATE_METHOD_MATCH = YES;
				CODE_SIGN_IDENTITY = "Mac Developer";
				COPY_PHASE_STRIP = NO;
				DEBUG_INFORMATION_FORMAT = dwarf;
				ENABLE_STRICT_OBJC_MSGSEND = YES;
				ENABLE_TESTABILITY = YES;
				GCC_C_LANGUAGE_STANDARD = gnu11;
				GCC_DYNAMIC_NO_PIC = NO;
				GCC_NO_COMMON_BLOCKS = YES;
				GCC_OPTIMIZATION_LEVEL = 0;
				GCC_PREPROCESSOR_DEFINITIONS = (
					"DEBUG=1",
					"$(inherited)",
				);
				GCC_WARN_64_TO_32_BIT_CONVERSION = YES;
				GCC_WARN_ABOUT_RETURN_TYPE = YES_ERROR;
				GCC_WARN_UNDECLARED_SELECTOR = YES;
				GCC_WARN_UNINITIALIZED_AUTOS = YES_AGGRESSIVE;
				GCC_WARN_UNUSED_FUNCTION = YES;
				GCC_WARN_UNUSED_VARIABLE = YES;
				MACOSX_DEPLOYMENT_TARGET = 10.13;
				MTL_ENABLE_DEBUG_INFO = INCLUDE_SOURCE;
				MTL_FAST_MATH = YES;
				ONLY_ACTIVE_ARCH = YES;
				SDKROOT = macosx;
			};
			name = Debug;
		};
		5C44017D24124FF50095787C /* Release */ = {
			isa = XCBuildConfiguration;
			buildSettings = {
				ALWAYS_SEARCH_USER_PATHS = NO;
				CLANG_ANALYZER_NONNULL = YES;
				CLANG_ANALYZER_NUMBER_OBJECT_CONVERSION = YES_AGGRESSIVE;
				CLANG_CXX_LANGUAGE_STANDARD = "gnu++14";
				CLANG_CXX_LIBRARY = "libc++";
				CLANG_ENABLE_MODULES = YES;
				CLANG_ENABLE_OBJC_ARC = YES;
				CLANG_ENABLE_OBJC_WEAK = YES;
				CLANG_WARN_BLOCK_CAPTURE_AUTORELEASING = YES;
				CLANG_WARN_BOOL_CONVERSION = YES;
				CLANG_WARN_COMMA = YES;
				CLANG_WARN_CONSTANT_CONVERSION = YES;
				CLANG_WARN_DEPRECATED_OBJC_IMPLEMENTATIONS = YES;
				CLANG_WARN_DIRECT_OBJC_ISA_USAGE = YES_ERROR;
				CLANG_WARN_DOCUMENTATION_COMMENTS = YES;
				CLANG_WARN_EMPTY_BODY = YES;
				CLANG_WARN_ENUM_CONVERSION = YES;
				CLANG_WARN_INFINITE_RECURSION = YES;
				CLANG_WARN_INT_CONVERSION = YES;
				CLANG_WARN_NON_LITERAL_NULL_CONVERSION = YES;
				CLANG_WARN_OBJC_IMPLICIT_RETAIN_SELF = YES;
				CLANG_WARN_OBJC_LITERAL_CONVERSION = YES;
				CLANG_WARN_OBJC_ROOT_CLASS = YES_ERROR;
				CLANG_WARN_QUOTED_INCLUDE_IN_FRAMEWORK_HEADER = YES;
				CLANG_WARN_RANGE_LOOP_ANALYSIS = YES;
				CLANG_WARN_STRICT_PROTOTYPES = YES;
				CLANG_WARN_SUSPICIOUS_MOVE = YES;
				CLANG_WARN_UNGUARDED_AVAILABILITY = YES_AGGRESSIVE;
				CLANG_WARN_UNREACHABLE_CODE = YES;
				CLANG_WARN__DUPLICATE_METHOD_MATCH = YES;
				CODE_SIGN_IDENTITY = "Mac Developer";
				COPY_PHASE_STRIP = NO;
				DEBUG_INFORMATION_FORMAT = "dwarf-with-dsym";
				ENABLE_NS_ASSERTIONS = NO;
				ENABLE_STRICT_OBJC_MSGSEND = YES;
				GCC_C_LANGUAGE_STANDARD = gnu11;
				GCC_NO_COMMON_BLOCKS = YES;
				GCC_WARN_64_TO_32_BIT_CONVERSION = YES;
				GCC_WARN_ABOUT_RETURN_TYPE = YES_ERROR;
				GCC_WARN_UNDECLARED_SELECTOR = YES;
				GCC_WARN_UNINITIALIZED_AUTOS = YES_AGGRESSIVE;
				GCC_WARN_UNUSED_FUNCTION = YES;
				GCC_WARN_UNUSED_VARIABLE = YES;
				MACOSX_DEPLOYMENT_TARGET = 10.13;
				MTL_ENABLE_DEBUG_INFO = NO;
				MTL_FAST_MATH = YES;
				SDKROOT = macosx;
			};
			name = Release;
		};
		5C44017F24124FF50095787C /* Debug */ = {
			isa = XCBuildConfiguration;
			buildSettings = {
				CODE_SIGN_IDENTITY = "-";
				CODE_SIGN_STYLE = Automatic;
				DEVELOPMENT_TEAM = CB7VZ9DVPZ;
				PRODUCT_NAME = "$(TARGET_NAME)";
			};
			name = Debug;
		};
		5C44018024124FF50095787C /* Release */ = {
			isa = XCBuildConfiguration;
			buildSettings = {
				CODE_SIGN_IDENTITY = "-";
				CODE_SIGN_STYLE = Automatic;
				DEVELOPMENT_TEAM = CB7VZ9DVPZ;
				PRODUCT_NAME = "$(TARGET_NAME)";
			};
			name = Release;
		};
/* End XCBuildConfiguration section */

/* Begin XCConfigurationList section */
		5C44017224124FF50095787C /* Build configuration list for PBXProject "C++ practice" */ = {
			isa = XCConfigurationList;
			buildConfigurations = (
				5C44017C24124FF50095787C /* Debug */,
				5C44017D24124FF50095787C /* Release */,
			);
			defaultConfigurationIsVisible = 0;
			defaultConfigurationName = Release;
		};
		5C44017E24124FF50095787C /* Build configuration list for PBXNativeTarget "C++ practice" */ = {
			isa = XCConfigurationList;
			buildConfigurations = (
				5C44017F24124FF50095787C /* Debug */,
				5C44018024124FF50095787C /* Release */,
			);
			defaultConfigurationIsVisible = 0;
			defaultConfigurationName = Release;
		};
/* End XCConfigurationList section */
	};
	rootObject = 5C44016F24124FF50095787C /* Project object */;
}
